
Microsoft Visual Studio Solution File, Format Version 12.00
# Visual Studio Version 16
VisualStudioVersion = 16.0.32630.194
MinimumVisualStudioVersion = 10.0.40219.1
Project("{FAE04EC0-301F-11D3-BF4B-00C04F79EFBC}") = "FizzBuzz", "FizzBuzz\FizzBuzz.csproj", "{765D5E9A-A6ED-48C9-B337-7AB70AA0C2F4}"
EndProject
Global
	GlobalSection(SolutionConfigurationPlatforms) = preSolution
		Debug|Any CPU = Debug|Any CPU
		Release|Any CPU = Release|Any CPU
	EndGlobalSection
	GlobalSection(ProjectConfigurationPlatforms) = postSolution
		{765D5E9A-A6ED-48C9-B337-7AB70AA0C2F4}.Debug|Any CPU.ActiveCfg = Debug|Any CPU
		{765D5E9A-A6ED-48C9-B337-7AB70AA0C2F4}.Debug|Any CPU.Build.0 = Debug|Any CPU
		{765D5E9A-A6ED-48C9-B337-7AB70AA0C2F4}.Release|Any CPU.ActiveCfg = Release|Any CPU
		{765D5E9A-A6ED-48C9-B337-7AB70AA0C2F4}.Release|Any CPU.Build.0 = Release|Any CPU
	EndGlobalSection
	GlobalSection(SolutionProperties) = preSolution
		HideSolutionNode = FALSE
	EndGlobalSection
	GlobalSection(ExtensibilityGlobals) = postSolution
		SolutionGuid = {BCFF205C-BB03-4F6B-BEA3-42AEB9867D0D}
	EndGlobalSection
EndGlobal
